
Microsoft Visual Studio Solution File, Format Version 12.00
# Visual Studio Version 16
VisualStudioVersion = 16.0.29728.190
MinimumVisualStudioVersion = 10.0.40219.1
Project("{FAE04EC0-301F-11D3-BF4B-00C04F79EFBC}") = "March23", "March23\March23.csproj", "{868CBF54-E4FB-4D7A-AD13-D9E306FEBD30}"
EndProject
Global
	GlobalSection(SolutionConfigurationPlatforms) = preSolution
		Debug|Any CPU = Debug|Any CPU
		Release|Any CPU = Release|Any CPU
	EndGlobalSection
	GlobalSection(ProjectConfigurationPlatforms) = postSolution
		{868CBF54-E4FB-4D7A-AD13-D9E306FEBD30}.Debug|Any CPU.ActiveCfg = Debug|Any CPU
		{868CBF54-E4FB-4D7A-AD13-D9E306FEBD30}.Debug|Any CPU.Build.0 = Debug|Any CPU
		{868CBF54-E4FB-4D7A-AD13-D9E306FEBD30}.Release|Any CPU.ActiveCfg = Release|Any CPU
		{868CBF54-E4FB-4D7A-AD13-D9E306FEBD30}.Release|Any CPU.Build.0 = Release|Any CPU
	EndGlobalSection
	GlobalSection(SolutionProperties) = preSolution
		HideSolutionNode = FALSE
	EndGlobalSection
	GlobalSection(ExtensibilityGlobals) = postSolution
		SolutionGuid = {454A57D7-0F62-4407-A030-03831B5B2A95}
	EndGlobalSection
EndGlobal
